
Microsoft Visual Studio Solution File, Format Version 12.00
# Visual Studio 15
VisualStudioVersion = 15.0.28307.168
MinimumVisualStudioVersion = 10.0.40219.1
Project("{8BC9CEB8-8B4A-11D0-8D11-00A0C91BC942}") = "lsassdump++", "lsassdump++\lsassdump++.vcxproj", "{1F106048-2155-4AEC-A319-6D0FC0C43B63}"
EndProject
Global
	GlobalSection(SolutionConfigurationPlatforms) = preSolution
		Debug|x64 = Debug|x64
		Debug|x86 = Debug|x86
		Release|x64 = Release|x64
		Release|x86 = Release|x86
	EndGlobalSection
	GlobalSection(ProjectConfigurationPlatforms) = postSolution
		{1F106048-2155-4AEC-A319-6D0FC0C43B63}.Debug|x64.ActiveCfg = Debug|x64
		{1F106048-2155-4AEC-A319-6D0FC0C43B63}.Debug|x64.Build.0 = Debug|x64
		{1F106048-2155-4AEC-A319-6D0FC0C43B63}.Debug|x86.ActiveCfg = Debug|Win32
		{1F106048-2155-4AEC-A319-6D0FC0C43B63}.Debug|x86.Build.0 = Debug|Win32
		{1F106048-2155-4AEC-A319-6D0FC0C43B63}.Release|x64.ActiveCfg = Release|x64
		{1F106048-2155-4AEC-A319-6D0FC0C43B63}.Release|x64.Build.0 = Release|x64
		{1F106048-2155-4AEC-A319-6D0FC0C43B63}.Release|x86.ActiveCfg = Release|Win32
		{1F106048-2155-4AEC-A319-6D0FC0C43B63}.Release|x86.Build.0 = Release|Win32
	EndGlobalSection
	GlobalSection(SolutionProperties) = preSolution
		HideSolutionNode = FALSE
	EndGlobalSection
	GlobalSection(ExtensibilityGlobals) = postSolution
		SolutionGuid = {2FFD4624-8ED6-4ED6-A8AA-C774E5E8E414}
	EndGlobalSection
EndGlobal
